
Microsoft Visual Studio Solution File, Format Version 9.00
# Visual C++ Express 2005
Project("{8BC9CEB8-8B4A-11D0-8D11-00A0C91BC942}") = "codegen", "codegen.vcproj", "{C3A397F6-FD92-423D-AD81-1FA9E5207FC9}"
EndProject
Project("{8BC9CEB8-8B4A-11D0-8D11-00A0C91BC942}") = "gles_cm", "gles_cm.vcproj", "{B3071598-8D4F-4335-85A4-CE069E2A82D4}"
	ProjectSection(ProjectDependencies) = postProject
		{C3A397F6-FD92-423D-AD81-1FA9E5207FC9} = {C3A397F6-FD92-423D-AD81-1FA9E5207FC9}
	EndProjectSection
EndProject
Project("{8BC9CEB8-8B4A-11D0-8D11-00A0C91BC942}") = "test", "test.vcproj", "{085012B2-4B48-47C3-944F-E757478551FF}"
	ProjectSection(ProjectDependencies) = postProject
		{B3071598-8D4F-4335-85A4-CE069E2A82D4} = {B3071598-8D4F-4335-85A4-CE069E2A82D4}
	EndProjectSection
EndProject
Global
	GlobalSection(SolutionConfigurationPlatforms) = preSolution
		Debug|GP2X = Debug|GP2X
		Debug|Win32 = Debug|Win32
		Release|GP2X = Release|GP2X
		Release|Win32 = Release|Win32
	EndGlobalSection
	GlobalSection(ProjectConfigurationPlatforms) = postSolution
		{C3A397F6-FD92-423D-AD81-1FA9E5207FC9}.Debug|GP2X.ActiveCfg = Debug|Win32
		{C3A397F6-FD92-423D-AD81-1FA9E5207FC9}.Debug|GP2X.Build.0 = Debug|Win32
		{C3A397F6-FD92-423D-AD81-1FA9E5207FC9}.Debug|Win32.ActiveCfg = Debug|Win32
		{C3A397F6-FD92-423D-AD81-1FA9E5207FC9}.Debug|Win32.Build.0 = Debug|Win32
		{C3A397F6-FD92-423D-AD81-1FA9E5207FC9}.Release|GP2X.ActiveCfg = Release|Win32
		{C3A397F6-FD92-423D-AD81-1FA9E5207FC9}.Release|GP2X.Build.0 = Release|Win32
		{C3A397F6-FD92-423D-AD81-1FA9E5207FC9}.Release|Win32.ActiveCfg = Release|Win32
		{C3A397F6-FD92-423D-AD81-1FA9E5207FC9}.Release|Win32.Build.0 = Release|Win32
		{B3071598-8D4F-4335-85A4-CE069E2A82D4}.Debug|GP2X.ActiveCfg = Debug|Win32
		{B3071598-8D4F-4335-85A4-CE069E2A82D4}.Debug|Win32.ActiveCfg = Debug|Win32
		{B3071598-8D4F-4335-85A4-CE069E2A82D4}.Debug|Win32.Build.0 = Debug|Win32
		{B3071598-8D4F-4335-85A4-CE069E2A82D4}.Release|GP2X.ActiveCfg = Release|Win32
		{B3071598-8D4F-4335-85A4-CE069E2A82D4}.Release|Win32.ActiveCfg = Release|Win32
		{B3071598-8D4F-4335-85A4-CE069E2A82D4}.Release|Win32.Build.0 = Release|Win32
		{085012B2-4B48-47C3-944F-E757478551FF}.Debug|GP2X.ActiveCfg = Debug|Win32
		{085012B2-4B48-47C3-944F-E757478551FF}.Debug|Win32.ActiveCfg = Debug|Win32
		{085012B2-4B48-47C3-944F-E757478551FF}.Debug|Win32.Build.0 = Debug|Win32
		{085012B2-4B48-47C3-944F-E757478551FF}.Release|GP2X.ActiveCfg = Release|Win32
		{085012B2-4B48-47C3-944F-E757478551FF}.Release|Win32.ActiveCfg = Release|Win32
		{085012B2-4B48-47C3-944F-E757478551FF}.Release|Win32.Build.0 = Release|Win32
	EndGlobalSection
	GlobalSection(SolutionProperties) = preSolution
		HideSolutionNode = FALSE
	EndGlobalSection
EndGlobal
