Microsoft Visual Studio Solution File, Format Version 8.00
Project("{8BC9CEB8-8B4A-11D0-8D11-00A0C91BC942}") = "StandAlone ARB", "StandAlone ARB.vcproj", "{660D0A05-69A9-4F09-9664-02FBEB08FAE2}"
	ProjectSection(ProjectDependencies) = postProject
		{3B146CC5-B2B8-4573-9D46-6139E2EDFEA3} = {3B146CC5-B2B8-4573-9D46-6139E2EDFEA3}
	EndProjectSection
EndProject
Project("{8BC9CEB8-8B4A-11D0-8D11-00A0C91BC942}") = "ESSL Compiler ARB", "eslang arb.vcproj", "{3B146CC5-B2B8-4573-9D46-6139E2EDFEA3}"
	ProjectSection(ProjectDependencies) = postProject
	EndProjectSection
EndProject
Global
	GlobalSection(SolutionConfiguration) = preSolution
		Debug = Debug
		Release = Release
		UserM_Debug = UserM_Debug
		UserM_Release = UserM_Release
	EndGlobalSection
	GlobalSection(ProjectConfiguration) = postSolution
		{660D0A05-69A9-4F09-9664-02FBEB08FAE2}.Debug.ActiveCfg = UserM_Debug|Win32
		{660D0A05-69A9-4F09-9664-02FBEB08FAE2}.Debug.Build.0 = UserM_Debug|Win32
		{660D0A05-69A9-4F09-9664-02FBEB08FAE2}.Release.ActiveCfg = UserM_Release|Win32
		{660D0A05-69A9-4F09-9664-02FBEB08FAE2}.Release.Build.0 = UserM_Release|Win32
		{660D0A05-69A9-4F09-9664-02FBEB08FAE2}.UserM_Debug.ActiveCfg = UserM_Debug|Win32
		{660D0A05-69A9-4F09-9664-02FBEB08FAE2}.UserM_Debug.Build.0 = UserM_Debug|Win32
		{660D0A05-69A9-4F09-9664-02FBEB08FAE2}.UserM_Release.ActiveCfg = UserM_Release|Win32
		{660D0A05-69A9-4F09-9664-02FBEB08FAE2}.UserM_Release.Build.0 = UserM_Release|Win32
		{3B146CC5-B2B8-4573-9D46-6139E2EDFEA3}.Debug.ActiveCfg = UserM_Debug|Win32
		{3B146CC5-B2B8-4573-9D46-6139E2EDFEA3}.Debug.Build.0 = UserM_Debug|Win32
		{3B146CC5-B2B8-4573-9D46-6139E2EDFEA3}.Release.ActiveCfg = UserM_Release|Win32
		{3B146CC5-B2B8-4573-9D46-6139E2EDFEA3}.Release.Build.0 = UserM_Release|Win32
		{3B146CC5-B2B8-4573-9D46-6139E2EDFEA3}.UserM_Debug.ActiveCfg = UserM_Debug|Win32
		{3B146CC5-B2B8-4573-9D46-6139E2EDFEA3}.UserM_Debug.Build.0 = UserM_Debug|Win32
		{3B146CC5-B2B8-4573-9D46-6139E2EDFEA3}.UserM_Release.ActiveCfg = UserM_Release|Win32
		{3B146CC5-B2B8-4573-9D46-6139E2EDFEA3}.UserM_Release.Build.0 = UserM_Release|Win32
	EndGlobalSection
	GlobalSection(ExtensibilityGlobals) = postSolution
	EndGlobalSection
	GlobalSection(ExtensibilityAddIns) = postSolution
	EndGlobalSection
EndGlobal
